
Microsoft Visual Studio Solution File, Format Version 12.00
# Visual Studio Version 17
VisualStudioVersion = 17.9.34526.213
MinimumVisualStudioVersion = 10.0.40219.1
Project("{FAE04EC0-301F-11D3-BF4B-00C04F79EFBC}") = "Taller 1", "Taller 1\Taller 1.csproj", "{AFACBF84-DB39-49C7-B3ED-EF4573FB5A2A}"
EndProject
Global
	GlobalSection(SolutionConfigurationPlatforms) = preSolution
		Debug|Any CPU = Debug|Any CPU
		Release|Any CPU = Release|Any CPU
	EndGlobalSection
	GlobalSection(ProjectConfigurationPlatforms) = postSolution
		{AFACBF84-DB39-49C7-B3ED-EF4573FB5A2A}.Debug|Any CPU.ActiveCfg = Debug|Any CPU
		{AFACBF84-DB39-49C7-B3ED-EF4573FB5A2A}.Debug|Any CPU.Build.0 = Debug|Any CPU
		{AFACBF84-DB39-49C7-B3ED-EF4573FB5A2A}.Release|Any CPU.ActiveCfg = Release|Any CPU
		{AFACBF84-DB39-49C7-B3ED-EF4573FB5A2A}.Release|Any CPU.Build.0 = Release|Any CPU
	EndGlobalSection
	GlobalSection(SolutionProperties) = preSolution
		HideSolutionNode = FALSE
	EndGlobalSection
	GlobalSection(ExtensibilityGlobals) = postSolution
		SolutionGuid = {2BAB34FC-D048-4E9E-BF47-1FEEFD428935}
	EndGlobalSection
EndGlobal
